
Microsoft Visual Studio Solution File, Format Version 11.00
# Visual Studio 2010
Project("{FAE04EC0-301F-11D3-BF4B-00C04F79EFBC}") = "PruebaGtk", "PruebaGtk\PruebaGtk.csproj", "{6163B707-C671-422C-974F-FC9525A0CACA}"
EndProject
Global
	GlobalSection(SolutionConfigurationPlatforms) = preSolution
		Debug|x86 = Debug|x86
		Release|x86 = Release|x86
	EndGlobalSection
	GlobalSection(ProjectConfigurationPlatforms) = postSolution
		{6163B707-C671-422C-974F-FC9525A0CACA}.Debug|x86.ActiveCfg = Debug|x86
		{6163B707-C671-422C-974F-FC9525A0CACA}.Debug|x86.Build.0 = Debug|x86
		{6163B707-C671-422C-974F-FC9525A0CACA}.Release|x86.ActiveCfg = Release|x86
		{6163B707-C671-422C-974F-FC9525A0CACA}.Release|x86.Build.0 = Release|x86
	EndGlobalSection
	GlobalSection(MonoDevelopProperties) = preSolution
		StartupItem = PruebaGtk\PruebaGtk.csproj
	EndGlobalSection
EndGlobal
